
Microsoft Visual Studio Solution File, Format Version 12.00
# Visual Studio Version 17
VisualStudioVersion = 17.0.31903.59
MinimumVisualStudioVersion = 10.0.40219.1
Project("{2150E333-8FDC-42A3-9474-1A3956D46DE8}") = "src", "src", "{827E0CD3-B72D-47B6-A68D-7590B98EB39B}"
EndProject
Project("{2150E333-8FDC-42A3-9474-1A3956D46DE8}") = "Host", "Host", "{981C2CF6-E5BB-602A-511C-234B538302B0}"
EndProject
Project("{FAE04EC0-301F-11D3-BF4B-00C04F79EFBC}") = "Perlax.Web", "src\Host\Perlax.Web\Perlax.Web.csproj", "{FE671ED1-C5C0-4FD3-977B-8046B6DE57D8}"
EndProject
Project("{2150E333-8FDC-42A3-9474-1A3956D46DE8}") = "Shared", "Shared", "{C8E42992-5E42-0C2B-DBFE-AA848D06431C}"
EndProject
Project("{FAE04EC0-301F-11D3-BF4B-00C04F79EFBC}") = "Perlax.Shared", "src\Shared\Perlax.Shared\Perlax.Shared.csproj", "{D4D72C09-E2E9-4AA8-8114-92C5E979D08E}"
EndProject
Project("{2150E333-8FDC-42A3-9474-1A3956D46DE8}") = "Modules", "Modules", "{EC447DCF-ABFA-6E24-52A5-D7FD48A5C558}"
EndProject
Project("{2150E333-8FDC-42A3-9474-1A3956D46DE8}") = "Production", "Production", "{FC15485C-DEDA-FAD7-9DC0-92F66DE2726C}"
EndProject
Project("{FAE04EC0-301F-11D3-BF4B-00C04F79EFBC}") = "Perlax.Modules.Production.Domain", "src\Modules\Production\Perlax.Modules.Production.Domain\Perlax.Modules.Production.Domain.csproj", "{96120243-492A-4652-949F-2598EC1C0D07}"
EndProject
Project("{FAE04EC0-301F-11D3-BF4B-00C04F79EFBC}") = "Perlax.Modules.Production.Application", "src\Modules\Production\Perlax.Modules.Production.Application\Perlax.Modules.Production.Application.csproj", "{0B839398-55E7-4385-B0F1-C0AA096B21F9}"
EndProject
Project("{FAE04EC0-301F-11D3-BF4B-00C04F79EFBC}") = "Perlax.Modules.Production.Infrastructure", "src\Modules\Production\Perlax.Modules.Production.Infrastructure\Perlax.Modules.Production.Infrastructure.csproj", "{ABE85E85-5E81-4F12-AC73-FE3E841747BD}"
EndProject
Project("{FAE04EC0-301F-11D3-BF4B-00C04F79EFBC}") = "Perlax.Modules.Production.Api", "src\Modules\Production\Perlax.Modules.Production.Api\Perlax.Modules.Production.Api.csproj", "{CFE0D33B-499C-4197-9AE3-9237A962FF83}"
EndProject
Global
	GlobalSection(SolutionConfigurationPlatforms) = preSolution
		Debug|Any CPU = Debug|Any CPU
		Debug|x64 = Debug|x64
		Debug|x86 = Debug|x86
		Release|Any CPU = Release|Any CPU
		Release|x64 = Release|x64
		Release|x86 = Release|x86
	EndGlobalSection
	GlobalSection(ProjectConfigurationPlatforms) = postSolution
		{FE671ED1-C5C0-4FD3-977B-8046B6DE57D8}.Debug|Any CPU.ActiveCfg = Debug|Any CPU
		{FE671ED1-C5C0-4FD3-977B-8046B6DE57D8}.Debug|Any CPU.Build.0 = Debug|Any CPU
		{FE671ED1-C5C0-4FD3-977B-8046B6DE57D8}.Debug|x64.ActiveCfg = Debug|Any CPU
		{FE671ED1-C5C0-4FD3-977B-8046B6DE57D8}.Debug|x64.Build.0 = Debug|Any CPU
		{FE671ED1-C5C0-4FD3-977B-8046B6DE57D8}.Debug|x86.ActiveCfg = Debug|Any CPU
		{FE671ED1-C5C0-4FD3-977B-8046B6DE57D8}.Debug|x86.Build.0 = Debug|Any CPU
		{FE671ED1-C5C0-4FD3-977B-8046B6DE57D8}.Release|Any CPU.ActiveCfg = Release|Any CPU
		{FE671ED1-C5C0-4FD3-977B-8046B6DE57D8}.Release|Any CPU.Build.0 = Release|Any CPU
		{FE671ED1-C5C0-4FD3-977B-8046B6DE57D8}.Release|x64.ActiveCfg = Release|Any CPU
		{FE671ED1-C5C0-4FD3-977B-8046B6DE57D8}.Release|x64.Build.0 = Release|Any CPU
		{FE671ED1-C5C0-4FD3-977B-8046B6DE57D8}.Release|x86.ActiveCfg = Release|Any CPU
		{FE671ED1-C5C0-4FD3-977B-8046B6DE57D8}.Release|x86.Build.0 = Release|Any CPU
		{D4D72C09-E2E9-4AA8-8114-92C5E979D08E}.Debug|Any CPU.ActiveCfg = Debug|Any CPU
		{D4D72C09-E2E9-4AA8-8114-92C5E979D08E}.Debug|Any CPU.Build.0 = Debug|Any CPU
		{D4D72C09-E2E9-4AA8-8114-92C5E979D08E}.Debug|x64.ActiveCfg = Debug|Any CPU
		{D4D72C09-E2E9-4AA8-8114-92C5E979D08E}.Debug|x64.Build.0 = Debug|Any CPU
		{D4D72C09-E2E9-4AA8-8114-92C5E979D08E}.Debug|x86.ActiveCfg = Debug|Any CPU
		{D4D72C09-E2E9-4AA8-8114-92C5E979D08E}.Debug|x86.Build.0 = Debug|Any CPU
		{D4D72C09-E2E9-4AA8-8114-92C5E979D08E}.Release|Any CPU.ActiveCfg = Release|Any CPU
		{D4D72C09-E2E9-4AA8-8114-92C5E979D08E}.Release|Any CPU.Build.0 = Release|Any CPU
		{D4D72C09-E2E9-4AA8-8114-92C5E979D08E}.Release|x64.ActiveCfg = Release|Any CPU
		{D4D72C09-E2E9-4AA8-8114-92C5E979D08E}.Release|x64.Build.0 = Release|Any CPU
		{D4D72C09-E2E9-4AA8-8114-92C5E979D08E}.Release|x86.ActiveCfg = Release|Any CPU
		{D4D72C09-E2E9-4AA8-8114-92C5E979D08E}.Release|x86.Build.0 = Release|Any CPU
		{96120243-492A-4652-949F-2598EC1C0D07}.Debug|Any CPU.ActiveCfg = Debug|Any CPU
		{96120243-492A-4652-949F-2598EC1C0D07}.Debug|Any CPU.Build.0 = Debug|Any CPU
		{96120243-492A-4652-949F-2598EC1C0D07}.Debug|x64.ActiveCfg = Debug|Any CPU
		{96120243-492A-4652-949F-2598EC1C0D07}.Debug|x64.Build.0 = Debug|Any CPU
		{96120243-492A-4652-949F-2598EC1C0D07}.Debug|x86.ActiveCfg = Debug|Any CPU
		{96120243-492A-4652-949F-2598EC1C0D07}.Debug|x86.Build.0 = Debug|Any CPU
		{96120243-492A-4652-949F-2598EC1C0D07}.Release|Any CPU.ActiveCfg = Release|Any CPU
		{96120243-492A-4652-949F-2598EC1C0D07}.Release|Any CPU.Build.0 = Release|Any CPU
		{96120243-492A-4652-949F-2598EC1C0D07}.Release|x64.ActiveCfg = Release|Any CPU
		{96120243-492A-4652-949F-2598EC1C0D07}.Release|x64.Build.0 = Release|Any CPU
		{96120243-492A-4652-949F-2598EC1C0D07}.Release|x86.ActiveCfg = Release|Any CPU
		{96120243-492A-4652-949F-2598EC1C0D07}.Release|x86.Build.0 = Release|Any CPU
		{0B839398-55E7-4385-B0F1-C0AA096B21F9}.Debug|Any CPU.ActiveCfg = Debug|Any CPU
		{0B839398-55E7-4385-B0F1-C0AA096B21F9}.Debug|Any CPU.Build.0 = Debug|Any CPU
		{0B839398-55E7-4385-B0F1-C0AA096B21F9}.Debug|x64.ActiveCfg = Debug|Any CPU
		{0B839398-55E7-4385-B0F1-C0AA096B21F9}.Debug|x64.Build.0 = Debug|Any CPU
		{0B839398-55E7-4385-B0F1-C0AA096B21F9}.Debug|x86.ActiveCfg = Debug|Any CPU
		{0B839398-55E7-4385-B0F1-C0AA096B21F9}.Debug|x86.Build.0 = Debug|Any CPU
		{0B839398-55E7-4385-B0F1-C0AA096B21F9}.Release|Any CPU.ActiveCfg = Release|Any CPU
		{0B839398-55E7-4385-B0F1-C0AA096B21F9}.Release|Any CPU.Build.0 = Release|Any CPU
		{0B839398-55E7-4385-B0F1-C0AA096B21F9}.Release|x64.ActiveCfg = Release|Any CPU
		{0B839398-55E7-4385-B0F1-C0AA096B21F9}.Release|x64.Build.0 = Release|Any CPU
		{0B839398-55E7-4385-B0F1-C0AA096B21F9}.Release|x86.ActiveCfg = Release|Any CPU
		{0B839398-55E7-4385-B0F1-C0AA096B21F9}.Release|x86.Build.0 = Release|Any CPU
		{ABE85E85-5E81-4F12-AC73-FE3E841747BD}.Debug|Any CPU.ActiveCfg = Debug|Any CPU
		{ABE85E85-5E81-4F12-AC73-FE3E841747BD}.Debug|Any CPU.Build.0 = Debug|Any CPU
		{ABE85E85-5E81-4F12-AC73-FE3E841747BD}.Debug|x64.ActiveCfg = Debug|Any CPU
		{ABE85E85-5E81-4F12-AC73-FE3E841747BD}.Debug|x64.Build.0 = Debug|Any CPU
		{ABE85E85-5E81-4F12-AC73-FE3E841747BD}.Debug|x86.ActiveCfg = Debug|Any CPU
		{ABE85E85-5E81-4F12-AC73-FE3E841747BD}.Debug|x86.Build.0 = Debug|Any CPU
		{ABE85E85-5E81-4F12-AC73-FE3E841747BD}.Release|Any CPU.ActiveCfg = Release|Any CPU
		{ABE85E85-5E81-4F12-AC73-FE3E841747BD}.Release|Any CPU.Build.0 = Release|Any CPU
		{ABE85E85-5E81-4F12-AC73-FE3E841747BD}.Release|x64.ActiveCfg = Release|Any CPU
		{ABE85E85-5E81-4F12-AC73-FE3E841747BD}.Release|x64.Build.0 = Release|Any CPU
		{ABE85E85-5E81-4F12-AC73-FE3E841747BD}.Release|x86.ActiveCfg = Release|Any CPU
		{ABE85E85-5E81-4F12-AC73-FE3E841747BD}.Release|x86.Build.0 = Release|Any CPU
		{CFE0D33B-499C-4197-9AE3-9237A962FF83}.Debug|Any CPU.ActiveCfg = Debug|Any CPU
		{CFE0D33B-499C-4197-9AE3-9237A962FF83}.Debug|Any CPU.Build.0 = Debug|Any CPU
		{CFE0D33B-499C-4197-9AE3-9237A962FF83}.Debug|x64.ActiveCfg = Debug|Any CPU
		{CFE0D33B-499C-4197-9AE3-9237A962FF83}.Debug|x64.Build.0 = Debug|Any CPU
		{CFE0D33B-499C-4197-9AE3-9237A962FF83}.Debug|x86.ActiveCfg = Debug|Any CPU
		{CFE0D33B-499C-4197-9AE3-9237A962FF83}.Debug|x86.Build.0 = Debug|Any CPU
		{CFE0D33B-499C-4197-9AE3-9237A962FF83}.Release|Any CPU.ActiveCfg = Release|Any CPU
		{CFE0D33B-499C-4197-9AE3-9237A962FF83}.Release|Any CPU.Build.0 = Release|Any CPU
		{CFE0D33B-499C-4197-9AE3-9237A962FF83}.Release|x64.ActiveCfg = Release|Any CPU
		{CFE0D33B-499C-4197-9AE3-9237A962FF83}.Release|x64.Build.0 = Release|Any CPU
		{CFE0D33B-499C-4197-9AE3-9237A962FF83}.Release|x86.ActiveCfg = Release|Any CPU
		{CFE0D33B-499C-4197-9AE3-9237A962FF83}.Release|x86.Build.0 = Release|Any CPU
	EndGlobalSection
	GlobalSection(SolutionProperties) = preSolution
		HideSolutionNode = FALSE
	EndGlobalSection
	GlobalSection(NestedProjects) = preSolution
		{981C2CF6-E5BB-602A-511C-234B538302B0} = {827E0CD3-B72D-47B6-A68D-7590B98EB39B}
		{FE671ED1-C5C0-4FD3-977B-8046B6DE57D8} = {981C2CF6-E5BB-602A-511C-234B538302B0}
		{C8E42992-5E42-0C2B-DBFE-AA848D06431C} = {827E0CD3-B72D-47B6-A68D-7590B98EB39B}
		{D4D72C09-E2E9-4AA8-8114-92C5E979D08E} = {C8E42992-5E42-0C2B-DBFE-AA848D06431C}
		{EC447DCF-ABFA-6E24-52A5-D7FD48A5C558} = {827E0CD3-B72D-47B6-A68D-7590B98EB39B}
		{FC15485C-DEDA-FAD7-9DC0-92F66DE2726C} = {EC447DCF-ABFA-6E24-52A5-D7FD48A5C558}
		{96120243-492A-4652-949F-2598EC1C0D07} = {FC15485C-DEDA-FAD7-9DC0-92F66DE2726C}
		{0B839398-55E7-4385-B0F1-C0AA096B21F9} = {FC15485C-DEDA-FAD7-9DC0-92F66DE2726C}
		{ABE85E85-5E81-4F12-AC73-FE3E841747BD} = {FC15485C-DEDA-FAD7-9DC0-92F66DE2726C}
		{CFE0D33B-499C-4197-9AE3-9237A962FF83} = {FC15485C-DEDA-FAD7-9DC0-92F66DE2726C}
	EndGlobalSection
EndGlobal
