
Microsoft Visual Studio Solution File, Format Version 12.00
# Visual Studio Version 17
VisualStudioVersion = 17.0.31903.59
MinimumVisualStudioVersion = 10.0.40219.1
Project("{2150E333-8FDC-42A3-9474-1A3956D46DE8}") = "src", "src", "{827E0CD3-B72D-47B6-A68D-7590B98EB39B}"
EndProject
Project("{2150E333-8FDC-42A3-9474-1A3956D46DE8}") = "Host", "Host", "{981C2CF6-E5BB-602A-511C-234B538302B0}"
EndProject
Project("{FAE04EC0-301F-11D3-BF4B-00C04F79EFBC}") = "Perla.Web", "src\Host\Perla.Web\Perla.Web.csproj", "{FE671ED1-C5C0-4FD3-977B-8046B6DE57D8}"
EndProject
Project("{2150E333-8FDC-42A3-9474-1A3956D46DE8}") = "Shared", "Shared", "{C8E42992-5E42-0C2B-DBFE-AA848D06431C}"
EndProject
Project("{FAE04EC0-301F-11D3-BF4B-00C04F79EFBC}") = "Perla.Shared", "src\Shared\Perla.Shared\Perla.Shared.csproj", "{D4D72C09-E2E9-4AA8-8114-92C5E979D08E}"
EndProject
Project("{2150E333-8FDC-42A3-9474-1A3956D46DE8}") = "Modules", "Modules", "{EC447DCF-ABFA-6E24-52A5-D7FD48A5C558}"
EndProject
Project("{2150E333-8FDC-42A3-9474-1A3956D46DE8}") = "Production", "Production", "{FC15485C-DEDA-FAD7-9DC0-92F66DE2726C}"
EndProject
Project("{FAE04EC0-301F-11D3-BF4B-00C04F79EFBC}") = "Perla.Modules.Production.Domain", "src\Modules\Production\Perla.Modules.Production.Domain\Perla.Modules.Production.Domain.csproj", "{96120243-492A-4652-949F-2598EC1C0D07}"
EndProject
Project("{FAE04EC0-301F-11D3-BF4B-00C04F79EFBC}") = "Perla.Modules.Production.Application", "src\Modules\Production\Perla.Modules.Production.Application\Perla.Modules.Production.Application.csproj", "{0B839398-55E7-4385-B0F1-C0AA096B21F9}"
EndProject
Project("{FAE04EC0-301F-11D3-BF4B-00C04F79EFBC}") = "Perla.Modules.Production.Infrastructure", "src\Modules\Production\Perla.Modules.Production.Infrastructure\Perla.Modules.Production.Infrastructure.csproj", "{ABE85E85-5E81-4F12-AC73-FE3E841747BD}"
EndProject
Project("{FAE04EC0-301F-11D3-BF4B-00C04F79EFBC}") = "Perla.Modules.Production.Api", "src\Modules\Production\Perla.Modules.Production.Api\Perla.Modules.Production.Api.csproj", "{CFE0D33B-499C-4197-9AE3-9237A962FF83}"
EndProject
Project("{2150E333-8FDC-42A3-9474-1A3956D46DE8}") = "Audit", "Audit", "{B7504168-2F66-9EF4-E8D7-36B98062A6F8}"
EndProject
Project("{FAE04EC0-301F-11D3-BF4B-00C04F79EFBC}") = "Perla.Modules.Audit.Api", "src\Modules\Audit\Perla.Modules.Audit.Api\Perla.Modules.Audit.Api.csproj", "{130411AC-7293-4334-A45B-CB83416F0898}"
EndProject
Project("{FAE04EC0-301F-11D3-BF4B-00C04F79EFBC}") = "Perla.Modules.Audit.Application", "src\Modules\Audit\Perla.Modules.Audit.Application\Perla.Modules.Audit.Application.csproj", "{7D9842CA-5E33-4B9A-8886-F09819A5DCC6}"
EndProject
Project("{FAE04EC0-301F-11D3-BF4B-00C04F79EFBC}") = "Perla.Modules.Audit.Domain", "src\Modules\Audit\Perla.Modules.Audit.Domain\Perla.Modules.Audit.Domain.csproj", "{E59CB42B-6C41-4FDA-8412-E11CCB3EE50D}"
EndProject
Project("{FAE04EC0-301F-11D3-BF4B-00C04F79EFBC}") = "Perla.Modules.Audit.Infrastructure", "src\Modules\Audit\Perla.Modules.Audit.Infrastructure\Perla.Modules.Audit.Infrastructure.csproj", "{C34D39ED-C411-4A39-8539-8422E26D47FE}"
EndProject
Project("{2150E333-8FDC-42A3-9474-1A3956D46DE8}") = "Users", "Users", "{A26F344D-182E-CE53-AD51-2154946AC6F3}"
EndProject
Project("{FAE04EC0-301F-11D3-BF4B-00C04F79EFBC}") = "Perla.Modules.Users.Api", "src\Modules\Users\Perla.Modules.Users.Api\Perla.Modules.Users.Api.csproj", "{29E844DB-AB00-4E13-BFFE-2BDAF29EBAB1}"
EndProject
Project("{FAE04EC0-301F-11D3-BF4B-00C04F79EFBC}") = "Perla.Modules.Users.Application", "src\Modules\Users\Perla.Modules.Users.Application\Perla.Modules.Users.Application.csproj", "{D14163CA-7C2D-4A5F-A400-5BB2416DB48F}"
EndProject
Project("{FAE04EC0-301F-11D3-BF4B-00C04F79EFBC}") = "Perla.Modules.Users.Domain", "src\Modules\Users\Perla.Modules.Users.Domain\Perla.Modules.Users.Domain.csproj", "{C71E677E-8155-4E0D-BB7E-F5E4922DB871}"
EndProject
Project("{FAE04EC0-301F-11D3-BF4B-00C04F79EFBC}") = "Perla.Modules.Users.Infrastructure", "src\Modules\Users\Perla.Modules.Users.Infrastructure\Perla.Modules.Users.Infrastructure.csproj", "{254CC764-BDA3-4A54-888C-AFFDB9DC372A}"
EndProject
Global
	GlobalSection(SolutionConfigurationPlatforms) = preSolution
		Debug|Any CPU = Debug|Any CPU
		Debug|x64 = Debug|x64
		Debug|x86 = Debug|x86
		Release|Any CPU = Release|Any CPU
		Release|x64 = Release|x64
		Release|x86 = Release|x86
	EndGlobalSection
	GlobalSection(ProjectConfigurationPlatforms) = postSolution
		{FE671ED1-C5C0-4FD3-977B-8046B6DE57D8}.Debug|Any CPU.ActiveCfg = Debug|Any CPU
		{FE671ED1-C5C0-4FD3-977B-8046B6DE57D8}.Debug|Any CPU.Build.0 = Debug|Any CPU
		{FE671ED1-C5C0-4FD3-977B-8046B6DE57D8}.Debug|x64.ActiveCfg = Debug|Any CPU
		{FE671ED1-C5C0-4FD3-977B-8046B6DE57D8}.Debug|x64.Build.0 = Debug|Any CPU
		{FE671ED1-C5C0-4FD3-977B-8046B6DE57D8}.Debug|x86.ActiveCfg = Debug|Any CPU
		{FE671ED1-C5C0-4FD3-977B-8046B6DE57D8}.Debug|x86.Build.0 = Debug|Any CPU
		{FE671ED1-C5C0-4FD3-977B-8046B6DE57D8}.Release|Any CPU.ActiveCfg = Release|Any CPU
		{FE671ED1-C5C0-4FD3-977B-8046B6DE57D8}.Release|Any CPU.Build.0 = Release|Any CPU
		{FE671ED1-C5C0-4FD3-977B-8046B6DE57D8}.Release|x64.ActiveCfg = Release|Any CPU
		{FE671ED1-C5C0-4FD3-977B-8046B6DE57D8}.Release|x64.Build.0 = Release|Any CPU
		{FE671ED1-C5C0-4FD3-977B-8046B6DE57D8}.Release|x86.ActiveCfg = Release|Any CPU
		{FE671ED1-C5C0-4FD3-977B-8046B6DE57D8}.Release|x86.Build.0 = Release|Any CPU
		{D4D72C09-E2E9-4AA8-8114-92C5E979D08E}.Debug|Any CPU.ActiveCfg = Debug|Any CPU
		{D4D72C09-E2E9-4AA8-8114-92C5E979D08E}.Debug|Any CPU.Build.0 = Debug|Any CPU
		{D4D72C09-E2E9-4AA8-8114-92C5E979D08E}.Debug|x64.ActiveCfg = Debug|Any CPU
		{D4D72C09-E2E9-4AA8-8114-92C5E979D08E}.Debug|x64.Build.0 = Debug|Any CPU
		{D4D72C09-E2E9-4AA8-8114-92C5E979D08E}.Debug|x86.ActiveCfg = Debug|Any CPU
		{D4D72C09-E2E9-4AA8-8114-92C5E979D08E}.Debug|x86.Build.0 = Debug|Any CPU
		{D4D72C09-E2E9-4AA8-8114-92C5E979D08E}.Release|Any CPU.ActiveCfg = Release|Any CPU
		{D4D72C09-E2E9-4AA8-8114-92C5E979D08E}.Release|Any CPU.Build.0 = Release|Any CPU
		{D4D72C09-E2E9-4AA8-8114-92C5E979D08E}.Release|x64.ActiveCfg = Release|Any CPU
		{D4D72C09-E2E9-4AA8-8114-92C5E979D08E}.Release|x64.Build.0 = Release|Any CPU
		{D4D72C09-E2E9-4AA8-8114-92C5E979D08E}.Release|x86.ActiveCfg = Release|Any CPU
		{D4D72C09-E2E9-4AA8-8114-92C5E979D08E}.Release|x86.Build.0 = Release|Any CPU
		{96120243-492A-4652-949F-2598EC1C0D07}.Debug|Any CPU.ActiveCfg = Debug|Any CPU
		{96120243-492A-4652-949F-2598EC1C0D07}.Debug|Any CPU.Build.0 = Debug|Any CPU
		{96120243-492A-4652-949F-2598EC1C0D07}.Debug|x64.ActiveCfg = Debug|Any CPU
		{96120243-492A-4652-949F-2598EC1C0D07}.Debug|x64.Build.0 = Debug|Any CPU
		{96120243-492A-4652-949F-2598EC1C0D07}.Debug|x86.ActiveCfg = Debug|Any CPU
		{96120243-492A-4652-949F-2598EC1C0D07}.Debug|x86.Build.0 = Debug|Any CPU
		{96120243-492A-4652-949F-2598EC1C0D07}.Release|Any CPU.ActiveCfg = Release|Any CPU
		{96120243-492A-4652-949F-2598EC1C0D07}.Release|Any CPU.Build.0 = Release|Any CPU
		{96120243-492A-4652-949F-2598EC1C0D07}.Release|x64.ActiveCfg = Release|Any CPU
		{96120243-492A-4652-949F-2598EC1C0D07}.Release|x64.Build.0 = Release|Any CPU
		{96120243-492A-4652-949F-2598EC1C0D07}.Release|x86.ActiveCfg = Release|Any CPU
		{96120243-492A-4652-949F-2598EC1C0D07}.Release|x86.Build.0 = Release|Any CPU
		{0B839398-55E7-4385-B0F1-C0AA096B21F9}.Debug|Any CPU.ActiveCfg = Debug|Any CPU
		{0B839398-55E7-4385-B0F1-C0AA096B21F9}.Debug|Any CPU.Build.0 = Debug|Any CPU
		{0B839398-55E7-4385-B0F1-C0AA096B21F9}.Debug|x64.ActiveCfg = Debug|Any CPU
		{0B839398-55E7-4385-B0F1-C0AA096B21F9}.Debug|x64.Build.0 = Debug|Any CPU
		{0B839398-55E7-4385-B0F1-C0AA096B21F9}.Debug|x86.ActiveCfg = Debug|Any CPU
		{0B839398-55E7-4385-B0F1-C0AA096B21F9}.Debug|x86.Build.0 = Debug|Any CPU
		{0B839398-55E7-4385-B0F1-C0AA096B21F9}.Release|Any CPU.ActiveCfg = Release|Any CPU
		{0B839398-55E7-4385-B0F1-C0AA096B21F9}.Release|Any CPU.Build.0 = Release|Any CPU
		{0B839398-55E7-4385-B0F1-C0AA096B21F9}.Release|x64.ActiveCfg = Release|Any CPU
		{0B839398-55E7-4385-B0F1-C0AA096B21F9}.Release|x64.Build.0 = Release|Any CPU
		{0B839398-55E7-4385-B0F1-C0AA096B21F9}.Release|x86.ActiveCfg = Release|Any CPU
		{0B839398-55E7-4385-B0F1-C0AA096B21F9}.Release|x86.Build.0 = Release|Any CPU
		{ABE85E85-5E81-4F12-AC73-FE3E841747BD}.Debug|Any CPU.ActiveCfg = Debug|Any CPU
		{ABE85E85-5E81-4F12-AC73-FE3E841747BD}.Debug|Any CPU.Build.0 = Debug|Any CPU
		{ABE85E85-5E81-4F12-AC73-FE3E841747BD}.Debug|x64.ActiveCfg = Debug|Any CPU
		{ABE85E85-5E81-4F12-AC73-FE3E841747BD}.Debug|x64.Build.0 = Debug|Any CPU
		{ABE85E85-5E81-4F12-AC73-FE3E841747BD}.Debug|x86.ActiveCfg = Debug|Any CPU
		{ABE85E85-5E81-4F12-AC73-FE3E841747BD}.Debug|x86.Build.0 = Debug|Any CPU
		{ABE85E85-5E81-4F12-AC73-FE3E841747BD}.Release|Any CPU.ActiveCfg = Release|Any CPU
		{ABE85E85-5E81-4F12-AC73-FE3E841747BD}.Release|Any CPU.Build.0 = Release|Any CPU
		{ABE85E85-5E81-4F12-AC73-FE3E841747BD}.Release|x64.ActiveCfg = Release|Any CPU
		{ABE85E85-5E81-4F12-AC73-FE3E841747BD}.Release|x64.Build.0 = Release|Any CPU
		{ABE85E85-5E81-4F12-AC73-FE3E841747BD}.Release|x86.ActiveCfg = Release|Any CPU
		{ABE85E85-5E81-4F12-AC73-FE3E841747BD}.Release|x86.Build.0 = Release|Any CPU
		{CFE0D33B-499C-4197-9AE3-9237A962FF83}.Debug|Any CPU.ActiveCfg = Debug|Any CPU
		{CFE0D33B-499C-4197-9AE3-9237A962FF83}.Debug|Any CPU.Build.0 = Debug|Any CPU
		{CFE0D33B-499C-4197-9AE3-9237A962FF83}.Debug|x64.ActiveCfg = Debug|Any CPU
		{CFE0D33B-499C-4197-9AE3-9237A962FF83}.Debug|x64.Build.0 = Debug|Any CPU
		{CFE0D33B-499C-4197-9AE3-9237A962FF83}.Debug|x86.ActiveCfg = Debug|Any CPU
		{CFE0D33B-499C-4197-9AE3-9237A962FF83}.Debug|x86.Build.0 = Debug|Any CPU
		{CFE0D33B-499C-4197-9AE3-9237A962FF83}.Release|Any CPU.ActiveCfg = Release|Any CPU
		{CFE0D33B-499C-4197-9AE3-9237A962FF83}.Release|Any CPU.Build.0 = Release|Any CPU
		{CFE0D33B-499C-4197-9AE3-9237A962FF83}.Release|x64.ActiveCfg = Release|Any CPU
		{CFE0D33B-499C-4197-9AE3-9237A962FF83}.Release|x64.Build.0 = Release|Any CPU
		{CFE0D33B-499C-4197-9AE3-9237A962FF83}.Release|x86.ActiveCfg = Release|Any CPU
		{CFE0D33B-499C-4197-9AE3-9237A962FF83}.Release|x86.Build.0 = Release|Any CPU
		{130411AC-7293-4334-A45B-CB83416F0898}.Debug|Any CPU.ActiveCfg = Debug|Any CPU
		{130411AC-7293-4334-A45B-CB83416F0898}.Debug|Any CPU.Build.0 = Debug|Any CPU
		{130411AC-7293-4334-A45B-CB83416F0898}.Debug|x64.ActiveCfg = Debug|Any CPU
		{130411AC-7293-4334-A45B-CB83416F0898}.Debug|x64.Build.0 = Debug|Any CPU
		{130411AC-7293-4334-A45B-CB83416F0898}.Debug|x86.ActiveCfg = Debug|Any CPU
		{130411AC-7293-4334-A45B-CB83416F0898}.Debug|x86.Build.0 = Debug|Any CPU
		{130411AC-7293-4334-A45B-CB83416F0898}.Release|Any CPU.ActiveCfg = Release|Any CPU
		{130411AC-7293-4334-A45B-CB83416F0898}.Release|Any CPU.Build.0 = Release|Any CPU
		{130411AC-7293-4334-A45B-CB83416F0898}.Release|x64.ActiveCfg = Release|Any CPU
		{130411AC-7293-4334-A45B-CB83416F0898}.Release|x64.Build.0 = Release|Any CPU
		{130411AC-7293-4334-A45B-CB83416F0898}.Release|x86.ActiveCfg = Release|Any CPU
		{130411AC-7293-4334-A45B-CB83416F0898}.Release|x86.Build.0 = Release|Any CPU
		{7D9842CA-5E33-4B9A-8886-F09819A5DCC6}.Debug|Any CPU.ActiveCfg = Debug|Any CPU
		{7D9842CA-5E33-4B9A-8886-F09819A5DCC6}.Debug|Any CPU.Build.0 = Debug|Any CPU
		{7D9842CA-5E33-4B9A-8886-F09819A5DCC6}.Debug|x64.ActiveCfg = Debug|Any CPU
		{7D9842CA-5E33-4B9A-8886-F09819A5DCC6}.Debug|x64.Build.0 = Debug|Any CPU
		{7D9842CA-5E33-4B9A-8886-F09819A5DCC6}.Debug|x86.ActiveCfg = Debug|Any CPU
		{7D9842CA-5E33-4B9A-8886-F09819A5DCC6}.Debug|x86.Build.0 = Debug|Any CPU
		{7D9842CA-5E33-4B9A-8886-F09819A5DCC6}.Release|Any CPU.ActiveCfg = Release|Any CPU
		{7D9842CA-5E33-4B9A-8886-F09819A5DCC6}.Release|Any CPU.Build.0 = Release|Any CPU
		{7D9842CA-5E33-4B9A-8886-F09819A5DCC6}.Release|x64.ActiveCfg = Release|Any CPU
		{7D9842CA-5E33-4B9A-8886-F09819A5DCC6}.Release|x64.Build.0 = Release|Any CPU
		{7D9842CA-5E33-4B9A-8886-F09819A5DCC6}.Release|x86.ActiveCfg = Release|Any CPU
		{7D9842CA-5E33-4B9A-8886-F09819A5DCC6}.Release|x86.Build.0 = Release|Any CPU
		{E59CB42B-6C41-4FDA-8412-E11CCB3EE50D}.Debug|Any CPU.ActiveCfg = Debug|Any CPU
		{E59CB42B-6C41-4FDA-8412-E11CCB3EE50D}.Debug|Any CPU.Build.0 = Debug|Any CPU
		{E59CB42B-6C41-4FDA-8412-E11CCB3EE50D}.Debug|x64.ActiveCfg = Debug|Any CPU
		{E59CB42B-6C41-4FDA-8412-E11CCB3EE50D}.Debug|x64.Build.0 = Debug|Any CPU
		{E59CB42B-6C41-4FDA-8412-E11CCB3EE50D}.Debug|x86.ActiveCfg = Debug|Any CPU
		{E59CB42B-6C41-4FDA-8412-E11CCB3EE50D}.Debug|x86.Build.0 = Debug|Any CPU
		{E59CB42B-6C41-4FDA-8412-E11CCB3EE50D}.Release|Any CPU.ActiveCfg = Release|Any CPU
		{E59CB42B-6C41-4FDA-8412-E11CCB3EE50D}.Release|Any CPU.Build.0 = Release|Any CPU
		{E59CB42B-6C41-4FDA-8412-E11CCB3EE50D}.Release|x64.ActiveCfg = Release|Any CPU
		{E59CB42B-6C41-4FDA-8412-E11CCB3EE50D}.Release|x64.Build.0 = Release|Any CPU
		{E59CB42B-6C41-4FDA-8412-E11CCB3EE50D}.Release|x86.ActiveCfg = Release|Any CPU
		{E59CB42B-6C41-4FDA-8412-E11CCB3EE50D}.Release|x86.Build.0 = Release|Any CPU
		{C34D39ED-C411-4A39-8539-8422E26D47FE}.Debug|Any CPU.ActiveCfg = Debug|Any CPU
		{C34D39ED-C411-4A39-8539-8422E26D47FE}.Debug|Any CPU.Build.0 = Debug|Any CPU
		{C34D39ED-C411-4A39-8539-8422E26D47FE}.Debug|x64.ActiveCfg = Debug|Any CPU
		{C34D39ED-C411-4A39-8539-8422E26D47FE}.Debug|x64.Build.0 = Debug|Any CPU
		{C34D39ED-C411-4A39-8539-8422E26D47FE}.Debug|x86.ActiveCfg = Debug|Any CPU
		{C34D39ED-C411-4A39-8539-8422E26D47FE}.Debug|x86.Build.0 = Debug|Any CPU
		{C34D39ED-C411-4A39-8539-8422E26D47FE}.Release|Any CPU.ActiveCfg = Release|Any CPU
		{C34D39ED-C411-4A39-8539-8422E26D47FE}.Release|Any CPU.Build.0 = Release|Any CPU
		{C34D39ED-C411-4A39-8539-8422E26D47FE}.Release|x64.ActiveCfg = Release|Any CPU
		{C34D39ED-C411-4A39-8539-8422E26D47FE}.Release|x64.Build.0 = Release|Any CPU
		{C34D39ED-C411-4A39-8539-8422E26D47FE}.Release|x86.ActiveCfg = Release|Any CPU
		{C34D39ED-C411-4A39-8539-8422E26D47FE}.Release|x86.Build.0 = Release|Any CPU
		{29E844DB-AB00-4E13-BFFE-2BDAF29EBAB1}.Debug|Any CPU.ActiveCfg = Debug|Any CPU
		{29E844DB-AB00-4E13-BFFE-2BDAF29EBAB1}.Debug|Any CPU.Build.0 = Debug|Any CPU
		{29E844DB-AB00-4E13-BFFE-2BDAF29EBAB1}.Debug|x64.ActiveCfg = Debug|Any CPU
		{29E844DB-AB00-4E13-BFFE-2BDAF29EBAB1}.Debug|x64.Build.0 = Debug|Any CPU
		{29E844DB-AB00-4E13-BFFE-2BDAF29EBAB1}.Debug|x86.ActiveCfg = Debug|Any CPU
		{29E844DB-AB00-4E13-BFFE-2BDAF29EBAB1}.Debug|x86.Build.0 = Debug|Any CPU
		{29E844DB-AB00-4E13-BFFE-2BDAF29EBAB1}.Release|Any CPU.ActiveCfg = Release|Any CPU
		{29E844DB-AB00-4E13-BFFE-2BDAF29EBAB1}.Release|Any CPU.Build.0 = Release|Any CPU
		{29E844DB-AB00-4E13-BFFE-2BDAF29EBAB1}.Release|x64.ActiveCfg = Release|Any CPU
		{29E844DB-AB00-4E13-BFFE-2BDAF29EBAB1}.Release|x64.Build.0 = Release|Any CPU
		{29E844DB-AB00-4E13-BFFE-2BDAF29EBAB1}.Release|x86.ActiveCfg = Release|Any CPU
		{29E844DB-AB00-4E13-BFFE-2BDAF29EBAB1}.Release|x86.Build.0 = Release|Any CPU
		{D14163CA-7C2D-4A5F-A400-5BB2416DB48F}.Debug|Any CPU.ActiveCfg = Debug|Any CPU
		{D14163CA-7C2D-4A5F-A400-5BB2416DB48F}.Debug|Any CPU.Build.0 = Debug|Any CPU
		{D14163CA-7C2D-4A5F-A400-5BB2416DB48F}.Debug|x64.ActiveCfg = Debug|Any CPU
		{D14163CA-7C2D-4A5F-A400-5BB2416DB48F}.Debug|x64.Build.0 = Debug|Any CPU
		{D14163CA-7C2D-4A5F-A400-5BB2416DB48F}.Debug|x86.ActiveCfg = Debug|Any CPU
		{D14163CA-7C2D-4A5F-A400-5BB2416DB48F}.Debug|x86.Build.0 = Debug|Any CPU
		{D14163CA-7C2D-4A5F-A400-5BB2416DB48F}.Release|Any CPU.ActiveCfg = Release|Any CPU
		{D14163CA-7C2D-4A5F-A400-5BB2416DB48F}.Release|Any CPU.Build.0 = Release|Any CPU
		{D14163CA-7C2D-4A5F-A400-5BB2416DB48F}.Release|x64.ActiveCfg = Release|Any CPU
		{D14163CA-7C2D-4A5F-A400-5BB2416DB48F}.Release|x64.Build.0 = Release|Any CPU
		{D14163CA-7C2D-4A5F-A400-5BB2416DB48F}.Release|x86.ActiveCfg = Release|Any CPU
		{D14163CA-7C2D-4A5F-A400-5BB2416DB48F}.Release|x86.Build.0 = Release|Any CPU
		{C71E677E-8155-4E0D-BB7E-F5E4922DB871}.Debug|Any CPU.ActiveCfg = Debug|Any CPU
		{C71E677E-8155-4E0D-BB7E-F5E4922DB871}.Debug|Any CPU.Build.0 = Debug|Any CPU
		{C71E677E-8155-4E0D-BB7E-F5E4922DB871}.Debug|x64.ActiveCfg = Debug|Any CPU
		{C71E677E-8155-4E0D-BB7E-F5E4922DB871}.Debug|x64.Build.0 = Debug|Any CPU
		{C71E677E-8155-4E0D-BB7E-F5E4922DB871}.Debug|x86.ActiveCfg = Debug|Any CPU
		{C71E677E-8155-4E0D-BB7E-F5E4922DB871}.Debug|x86.Build.0 = Debug|Any CPU
		{C71E677E-8155-4E0D-BB7E-F5E4922DB871}.Release|Any CPU.ActiveCfg = Release|Any CPU
		{C71E677E-8155-4E0D-BB7E-F5E4922DB871}.Release|Any CPU.Build.0 = Release|Any CPU
		{C71E677E-8155-4E0D-BB7E-F5E4922DB871}.Release|x64.ActiveCfg = Release|Any CPU
		{C71E677E-8155-4E0D-BB7E-F5E4922DB871}.Release|x64.Build.0 = Release|Any CPU
		{C71E677E-8155-4E0D-BB7E-F5E4922DB871}.Release|x86.ActiveCfg = Release|Any CPU
		{C71E677E-8155-4E0D-BB7E-F5E4922DB871}.Release|x86.Build.0 = Release|Any CPU
		{254CC764-BDA3-4A54-888C-AFFDB9DC372A}.Debug|Any CPU.ActiveCfg = Debug|Any CPU
		{254CC764-BDA3-4A54-888C-AFFDB9DC372A}.Debug|Any CPU.Build.0 = Debug|Any CPU
		{254CC764-BDA3-4A54-888C-AFFDB9DC372A}.Debug|x64.ActiveCfg = Debug|Any CPU
		{254CC764-BDA3-4A54-888C-AFFDB9DC372A}.Debug|x64.Build.0 = Debug|Any CPU
		{254CC764-BDA3-4A54-888C-AFFDB9DC372A}.Debug|x86.ActiveCfg = Debug|Any CPU
		{254CC764-BDA3-4A54-888C-AFFDB9DC372A}.Debug|x86.Build.0 = Debug|Any CPU
		{254CC764-BDA3-4A54-888C-AFFDB9DC372A}.Release|Any CPU.ActiveCfg = Release|Any CPU
		{254CC764-BDA3-4A54-888C-AFFDB9DC372A}.Release|Any CPU.Build.0 = Release|Any CPU
		{254CC764-BDA3-4A54-888C-AFFDB9DC372A}.Release|x64.ActiveCfg = Release|Any CPU
		{254CC764-BDA3-4A54-888C-AFFDB9DC372A}.Release|x64.Build.0 = Release|Any CPU
		{254CC764-BDA3-4A54-888C-AFFDB9DC372A}.Release|x86.ActiveCfg = Release|Any CPU
		{254CC764-BDA3-4A54-888C-AFFDB9DC372A}.Release|x86.Build.0 = Release|Any CPU
	EndGlobalSection
	GlobalSection(SolutionProperties) = preSolution
		HideSolutionNode = FALSE
	EndGlobalSection
	GlobalSection(NestedProjects) = preSolution
		{981C2CF6-E5BB-602A-511C-234B538302B0} = {827E0CD3-B72D-47B6-A68D-7590B98EB39B}
		{FE671ED1-C5C0-4FD3-977B-8046B6DE57D8} = {981C2CF6-E5BB-602A-511C-234B538302B0}
		{C8E42992-5E42-0C2B-DBFE-AA848D06431C} = {827E0CD3-B72D-47B6-A68D-7590B98EB39B}
		{D4D72C09-E2E9-4AA8-8114-92C5E979D08E} = {C8E42992-5E42-0C2B-DBFE-AA848D06431C}
		{EC447DCF-ABFA-6E24-52A5-D7FD48A5C558} = {827E0CD3-B72D-47B6-A68D-7590B98EB39B}
		{FC15485C-DEDA-FAD7-9DC0-92F66DE2726C} = {EC447DCF-ABFA-6E24-52A5-D7FD48A5C558}
		{96120243-492A-4652-949F-2598EC1C0D07} = {FC15485C-DEDA-FAD7-9DC0-92F66DE2726C}
		{0B839398-55E7-4385-B0F1-C0AA096B21F9} = {FC15485C-DEDA-FAD7-9DC0-92F66DE2726C}
		{ABE85E85-5E81-4F12-AC73-FE3E841747BD} = {FC15485C-DEDA-FAD7-9DC0-92F66DE2726C}
		{CFE0D33B-499C-4197-9AE3-9237A962FF83} = {FC15485C-DEDA-FAD7-9DC0-92F66DE2726C}
		{B7504168-2F66-9EF4-E8D7-36B98062A6F8} = {EC447DCF-ABFA-6E24-52A5-D7FD48A5C558}
		{130411AC-7293-4334-A45B-CB83416F0898} = {B7504168-2F66-9EF4-E8D7-36B98062A6F8}
		{7D9842CA-5E33-4B9A-8886-F09819A5DCC6} = {B7504168-2F66-9EF4-E8D7-36B98062A6F8}
		{E59CB42B-6C41-4FDA-8412-E11CCB3EE50D} = {B7504168-2F66-9EF4-E8D7-36B98062A6F8}
		{C34D39ED-C411-4A39-8539-8422E26D47FE} = {B7504168-2F66-9EF4-E8D7-36B98062A6F8}
		{A26F344D-182E-CE53-AD51-2154946AC6F3} = {EC447DCF-ABFA-6E24-52A5-D7FD48A5C558}
		{29E844DB-AB00-4E13-BFFE-2BDAF29EBAB1} = {A26F344D-182E-CE53-AD51-2154946AC6F3}
		{D14163CA-7C2D-4A5F-A400-5BB2416DB48F} = {A26F344D-182E-CE53-AD51-2154946AC6F3}
		{C71E677E-8155-4E0D-BB7E-F5E4922DB871} = {A26F344D-182E-CE53-AD51-2154946AC6F3}
		{254CC764-BDA3-4A54-888C-AFFDB9DC372A} = {A26F344D-182E-CE53-AD51-2154946AC6F3}
	EndGlobalSection
EndGlobal
